// !$*UTF8*$!
{
	archiveVersion = 1;
	classes = {
	};
	objectVersion = 50;
	objects = {

/* Begin PBXBuildFile section */
		022DA0D62443BE0500E69E7A /* Int+Extension.swift in Sources */ = {isa = PBXBuildFile; fileRef = 022DA0D52443BE0500E69E7A /* Int+Extension.swift */; };
		022DA0D82443CCC100E69E7A /* String+Extension.swift in Sources */ = {isa = PBXBuildFile; fileRef = 022DA0D72443CCC100E69E7A /* String+Extension.swift */; };
		022DA0DA2443E8B000E69E7A /* DummyUserData.json in Resources */ = {isa = PBXBuildFile; fileRef = 022DA0D92443E8B000E69E7A /* DummyUserData.json */; };
		022DA0E0244433A400E69E7A /* UserDetailViewCell.swift in Sources */ = {isa = PBXBuildFile; fileRef = 022DA0DF244433A400E69E7A /* UserDetailViewCell.swift */; };
		022DA0E224444EF000E69E7A /* UIImageView+Extension.swift in Sources */ = {isa = PBXBuildFile; fileRef = 022DA0E124444EF000E69E7A /* UIImageView+Extension.swift */; };
		0267481A2440E02400E25AC2 /* AppDelegate.swift in Sources */ = {isa = PBXBuildFile; fileRef = 026748192440E02400E25AC2 /* AppDelegate.swift */; };
		0267481C2440E02400E25AC2 /* SceneDelegate.swift in Sources */ = {isa = PBXBuildFile; fileRef = 0267481B2440E02400E25AC2 /* SceneDelegate.swift */; };
		0267481E2440E02400E25AC2 /* GithubAccountSearchViewController.swift in Sources */ = {isa = PBXBuildFile; fileRef = 0267481D2440E02400E25AC2 /* GithubAccountSearchViewController.swift */; };
		026748212440E02400E25AC2 /* Main.storyboard in Resources */ = {isa = PBXBuildFile; fileRef = 0267481F2440E02400E25AC2 /* Main.storyboard */; };
		026748232440E02800E25AC2 /* Assets.xcassets in Resources */ = {isa = PBXBuildFile; fileRef = 026748222440E02800E25AC2 /* Assets.xcassets */; };
		026748262440E02800E25AC2 /* LaunchScreen.storyboard in Resources */ = {isa = PBXBuildFile; fileRef = 026748242440E02800E25AC2 /* LaunchScreen.storyboard */; };
		026748322440ECF200E25AC2 /* UserPreviewViewCell.swift in Sources */ = {isa = PBXBuildFile; fileRef = 026748302440ECF200E25AC2 /* UserPreviewViewCell.swift */; };
		026748332440ECF200E25AC2 /* UserPreviewViewCell.xib in Resources */ = {isa = PBXBuildFile; fileRef = 026748312440ECF200E25AC2 /* UserPreviewViewCell.xib */; };
		026748372440EEF400E25AC2 /* UserDetailViewCell.xib in Resources */ = {isa = PBXBuildFile; fileRef = 026748352440EEF400E25AC2 /* UserDetailViewCell.xib */; };
		026748392440EF4300E25AC2 /* DetailViewController.swift in Sources */ = {isa = PBXBuildFile; fileRef = 026748382440EF4300E25AC2 /* DetailViewController.swift */; };
		0267483C2440F07200E25AC2 /* RepoViewCell.swift in Sources */ = {isa = PBXBuildFile; fileRef = 0267483A2440F07200E25AC2 /* RepoViewCell.swift */; };
		0267483D2440F07200E25AC2 /* RepoViewCell.xib in Resources */ = {isa = PBXBuildFile; fileRef = 0267483B2440F07200E25AC2 /* RepoViewCell.xib */; };
		026748402441026700E25AC2 /* ViewModel.swift in Sources */ = {isa = PBXBuildFile; fileRef = 0267483F2441026700E25AC2 /* ViewModel.swift */; };
		026748442441033000E25AC2 /* User.swift in Sources */ = {isa = PBXBuildFile; fileRef = 026748432441033000E25AC2 /* User.swift */; };
		02674846244103A600E25AC2 /* Repository.swift in Sources */ = {isa = PBXBuildFile; fileRef = 02674845244103A600E25AC2 /* Repository.swift */; };
		0267484924410BD400E25AC2 /* APIService.swift in Sources */ = {isa = PBXBuildFile; fileRef = 0267484824410BD400E25AC2 /* APIService.swift */; };
		0267484B24410C3800E25AC2 /* GitHubAPI.swift in Sources */ = {isa = PBXBuildFile; fileRef = 0267484A24410C3800E25AC2 /* GitHubAPI.swift */; };
		F3EA4F5CF1718A09A8793AFB /* Pods_GitHubSearcher.framework in Frameworks */ = {isa = PBXBuildFile; fileRef = A1F305F4C3F49E120907C0F8 /* Pods_GitHubSearcher.framework */; };
/* End PBXBuildFile section */

/* Begin PBXFileReference section */
		022DA0D52443BE0500E69E7A /* Int+Extension.swift */ = {isa = PBXFileReference; lastKnownFileType = sourcecode.swift; path = "Int+Extension.swift"; sourceTree = "<group>"; };
		022DA0D72443CCC100E69E7A /* String+Extension.swift */ = {isa = PBXFileReference; lastKnownFileType = sourcecode.swift; path = "String+Extension.swift"; sourceTree = "<group>"; };
		022DA0D92443E8B000E69E7A /* DummyUserData.json */ = {isa = PBXFileReference; lastKnownFileType = text.json; path = DummyUserData.json; sourceTree = "<group>"; };
		022DA0DF244433A400E69E7A /* UserDetailViewCell.swift */ = {isa = PBXFileReference; lastKnownFileType = sourcecode.swift; path = UserDetailViewCell.swift; sourceTree = "<group>"; };
		022DA0E124444EF000E69E7A /* UIImageView+Extension.swift */ = {isa = PBXFileReference; lastKnownFileType = sourcecode.swift; path = "UIImageView+Extension.swift"; sourceTree = "<group>"; };
		026748162440E02400E25AC2 /* GitHubSearcher.app */ = {isa = PBXFileReference; explicitFileType = wrapper.application; includeInIndex = 0; path = GitHubSearcher.app; sourceTree = BUILT_PRODUCTS_DIR; };
		026748192440E02400E25AC2 /* AppDelegate.swift */ = {isa = PBXFileReference; lastKnownFileType = sourcecode.swift; path = AppDelegate.swift; sourceTree = "<group>"; };
		0267481B2440E02400E25AC2 /* SceneDelegate.swift */ = {isa = PBXFileReference; lastKnownFileType = sourcecode.swift; path = SceneDelegate.swift; sourceTree = "<group>"; };
		0267481D2440E02400E25AC2 /* GithubAccountSearchViewController.swift */ = {isa = PBXFileReference; lastKnownFileType = sourcecode.swift; path = GithubAccountSearchViewController.swift; sourceTree = "<group>"; };
		026748202440E02400E25AC2 /* Base */ = {isa = PBXFileReference; lastKnownFileType = file.storyboard; name = Base; path = Base.lproj/Main.storyboard; sourceTree = "<group>"; };
		026748222440E02800E25AC2 /* Assets.xcassets */ = {isa = PBXFileReference; lastKnownFileType = folder.assetcatalog; path = Assets.xcassets; sourceTree = "<group>"; };
		026748252440E02800E25AC2 /* Base */ = {isa = PBXFileReference; lastKnownFileType = file.storyboard; name = Base; path = Base.lproj/LaunchScreen.storyboard; sourceTree = "<group>"; };
		026748272440E02800E25AC2 /* Info.plist */ = {isa = PBXFileReference; lastKnownFileType = text.plist.xml; path = Info.plist; sourceTree = "<group>"; };
		026748302440ECF200E25AC2 /* UserPreviewViewCell.swift */ = {isa = PBXFileReference; lastKnownFileType = sourcecode.swift; path = UserPreviewViewCell.swift; sourceTree = "<group>"; };
		026748312440ECF200E25AC2 /* UserPreviewViewCell.xib */ = {isa = PBXFileReference; lastKnownFileType = file.xib; path = UserPreviewViewCell.xib; sourceTree = "<group>"; };
		026748352440EEF400E25AC2 /* UserDetailViewCell.xib */ = {isa = PBXFileReference; lastKnownFileType = file.xib; path = UserDetailViewCell.xib; sourceTree = "<group>"; };
		026748382440EF4300E25AC2 /* DetailViewController.swift */ = {isa = PBXFileReference; lastKnownFileType = sourcecode.swift; path = DetailViewController.swift; sourceTree = "<group>"; };
		0267483A2440F07200E25AC2 /* RepoViewCell.swift */ = {isa = PBXFileReference; lastKnownFileType = sourcecode.swift; path = RepoViewCell.swift; sourceTree = "<group>"; };
		0267483B2440F07200E25AC2 /* RepoViewCell.xib */ = {isa = PBXFileReference; lastKnownFileType = file.xib; path = RepoViewCell.xib; sourceTree = "<group>"; };
		0267483F2441026700E25AC2 /* ViewModel.swift */ = {isa = PBXFileReference; lastKnownFileType = sourcecode.swift; path = ViewModel.swift; sourceTree = "<group>"; };
		026748432441033000E25AC2 /* User.swift */ = {isa = PBXFileReference; lastKnownFileType = sourcecode.swift; path = User.swift; sourceTree = "<group>"; };
		02674845244103A600E25AC2 /* Repository.swift */ = {isa = PBXFileReference; lastKnownFileType = sourcecode.swift; path = Repository.swift; sourceTree = "<group>"; };
		0267484824410BD400E25AC2 /* APIService.swift */ = {isa = PBXFileReference; lastKnownFileType = sourcecode.swift; path = APIService.swift; sourceTree = "<group>"; };
		0267484A24410C3800E25AC2 /* GitHubAPI.swift */ = {isa = PBXFileReference; lastKnownFileType = sourcecode.swift; path = GitHubAPI.swift; sourceTree = "<group>"; };
		1284BCBDE47F551970EC5D74 /* Pods-GitHubSearcher.release.xcconfig */ = {isa = PBXFileReference; includeInIndex = 1; lastKnownFileType = text.xcconfig; name = "Pods-GitHubSearcher.release.xcconfig"; path = "Target Support Files/Pods-GitHubSearcher/Pods-GitHubSearcher.release.xcconfig"; sourceTree = "<group>"; };
		A1F305F4C3F49E120907C0F8 /* Pods_GitHubSearcher.framework */ = {isa = PBXFileReference; explicitFileType = wrapper.framework; includeInIndex = 0; path = Pods_GitHubSearcher.framework; sourceTree = BUILT_PRODUCTS_DIR; };
		EEBCDA75E59378C64D3FF8C5 /* Pods-GitHubSearcher.debug.xcconfig */ = {isa = PBXFileReference; includeInIndex = 1; lastKnownFileType = text.xcconfig; name = "Pods-GitHubSearcher.debug.xcconfig"; path = "Target Support Files/Pods-GitHubSearcher/Pods-GitHubSearcher.debug.xcconfig"; sourceTree = "<group>"; };
/* End PBXFileReference section */

/* Begin PBXFrameworksBuildPhase section */
		026748132440E02400E25AC2 /* Frameworks */ = {
			isa = PBXFrameworksBuildPhase;
			buildActionMask = 2147483647;
			files = (
				F3EA4F5CF1718A09A8793AFB /* Pods_GitHubSearcher.framework in Frameworks */,
			);
			runOnlyForDeploymentPostprocessing = 0;
		};
/* End PBXFrameworksBuildPhase section */

/* Begin PBXGroup section */
		022DA0D42443BDDC00E69E7A /* Extensions */ = {
			isa = PBXGroup;
			children = (
				022DA0D52443BE0500E69E7A /* Int+Extension.swift */,
				022DA0D72443CCC100E69E7A /* String+Extension.swift */,
				022DA0E124444EF000E69E7A /* UIImageView+Extension.swift */,
			);
			path = Extensions;
			sourceTree = "<group>";
		};
		0267480D2440E02300E25AC2 = {
			isa = PBXGroup;
			children = (
				026748182440E02400E25AC2 /* GitHubSearcher */,
				026748172440E02400E25AC2 /* Products */,
				A11B69B1F07154E78FF7AC19 /* Pods */,
				A2F25C5434F7A86EA627B14A /* Frameworks */,
			);
			sourceTree = "<group>";
		};
		026748172440E02400E25AC2 /* Products */ = {
			isa = PBXGroup;
			children = (
				026748162440E02400E25AC2 /* GitHubSearcher.app */,
			);
			name = Products;
			sourceTree = "<group>";
		};
		026748182440E02400E25AC2 /* GitHubSearcher */ = {
			isa = PBXGroup;
			children = (
				02674842244102FB00E25AC2 /* Model */,
				0267482F2440ECDA00E25AC2 /* View */,
				0267482D2440E03600E25AC2 /* ViewController */,
				026748412441027400E25AC2 /* ViewModel */,
				0267484724410B9D00E25AC2 /* Services */,
				0267482E2440E05100E25AC2 /* Storyboard */,
				022DA0D42443BDDC00E69E7A /* Extensions */,
				026748192440E02400E25AC2 /* AppDelegate.swift */,
				0267481B2440E02400E25AC2 /* SceneDelegate.swift */,
				026748222440E02800E25AC2 /* Assets.xcassets */,
				026748272440E02800E25AC2 /* Info.plist */,
				022DA0D92443E8B000E69E7A /* DummyUserData.json */,
			);
			path = GitHubSearcher;
			sourceTree = "<group>";
		};
		0267482D2440E03600E25AC2 /* ViewController */ = {
			isa = PBXGroup;
			children = (
				0267481D2440E02400E25AC2 /* GithubAccountSearchViewController.swift */,
				026748382440EF4300E25AC2 /* DetailViewController.swift */,
			);
			path = ViewController;
			sourceTree = "<group>";
		};
		0267482E2440E05100E25AC2 /* Storyboard */ = {
			isa = PBXGroup;
			children = (
				0267481F2440E02400E25AC2 /* Main.storyboard */,
				026748242440E02800E25AC2 /* LaunchScreen.storyboard */,
			);
			path = Storyboard;
			sourceTree = "<group>";
		};
		0267482F2440ECDA00E25AC2 /* View */ = {
			isa = PBXGroup;
			children = (
				026748302440ECF200E25AC2 /* UserPreviewViewCell.swift */,
				026748312440ECF200E25AC2 /* UserPreviewViewCell.xib */,
				022DA0DF244433A400E69E7A /* UserDetailViewCell.swift */,
				026748352440EEF400E25AC2 /* UserDetailViewCell.xib */,
				0267483A2440F07200E25AC2 /* RepoViewCell.swift */,
				0267483B2440F07200E25AC2 /* RepoViewCell.xib */,
			);
			path = View;
			sourceTree = "<group>";
		};
		026748412441027400E25AC2 /* ViewModel */ = {
			isa = PBXGroup;
			children = (
				0267483F2441026700E25AC2 /* ViewModel.swift */,
			);
			path = ViewModel;
			sourceTree = "<group>";
		};
		02674842244102FB00E25AC2 /* Model */ = {
			isa = PBXGroup;
			children = (
				026748432441033000E25AC2 /* User.swift */,
				02674845244103A600E25AC2 /* Repository.swift */,
			);
			path = Model;
			sourceTree = "<group>";
		};
		0267484724410B9D00E25AC2 /* Services */ = {
			isa = PBXGroup;
			children = (
				0267484824410BD400E25AC2 /* APIService.swift */,
				0267484A24410C3800E25AC2 /* GitHubAPI.swift */,
			);
			path = Services;
			sourceTree = "<group>";
		};
		A11B69B1F07154E78FF7AC19 /* Pods */ = {
			isa = PBXGroup;
			children = (
				EEBCDA75E59378C64D3FF8C5 /* Pods-GitHubSearcher.debug.xcconfig */,
				1284BCBDE47F551970EC5D74 /* Pods-GitHubSearcher.release.xcconfig */,
			);
			path = Pods;
			sourceTree = "<group>";
		};
		A2F25C5434F7A86EA627B14A /* Frameworks */ = {
			isa = PBXGroup;
			children = (
				A1F305F4C3F49E120907C0F8 /* Pods_GitHubSearcher.framework */,
			);
			name = Frameworks;
			sourceTree = "<group>";
		};
/* End PBXGroup section */

/* Begin PBXNativeTarget section */
		026748152440E02400E25AC2 /* GitHubSearcher */ = {
			isa = PBXNativeTarget;
			buildConfigurationList = 0267482A2440E02800E25AC2 /* Build configuration list for PBXNativeTarget "GitHubSearcher" */;
			buildPhases = (
				0267483E2440FC3C00E25AC2 /* ShellScript */,
				E076C3BEFDBEDBDE8BA51B0F /* [CP] Check Pods Manifest.lock */,
				026748122440E02400E25AC2 /* Sources */,
				026748132440E02400E25AC2 /* Frameworks */,
				026748142440E02400E25AC2 /* Resources */,
			);
			buildRules = (
			);
			dependencies = (
			);
			name = GitHubSearcher;
			productName = GitHubSearcher;
			productReference = 026748162440E02400E25AC2 /* GitHubSearcher.app */;
			productType = "com.apple.product-type.application";
		};
/* End PBXNativeTarget section */

/* Begin PBXProject section */
		0267480E2440E02300E25AC2 /* Project object */ = {
			isa = PBXProject;
			attributes = {
				LastSwiftUpdateCheck = 1140;
				LastUpgradeCheck = 1140;
				ORGANIZATIONNAME = MAC;
				TargetAttributes = {
					026748152440E02400E25AC2 = {
						CreatedOnToolsVersion = 11.4;
					};
				};
			};
			buildConfigurationList = 026748112440E02300E25AC2 /* Build configuration list for PBXProject "GitHubSearcher" */;
			compatibilityVersion = "Xcode 9.3";
			developmentRegion = en;
			hasScannedForEncodings = 0;
			knownRegions = (
				en,
				Base,
			);
			mainGroup = 0267480D2440E02300E25AC2;
			productRefGroup = 026748172440E02400E25AC2 /* Products */;
			projectDirPath = "";
			projectRoot = "";
			targets = (
				026748152440E02400E25AC2 /* GitHubSearcher */,
			);
		};
/* End PBXProject section */

/* Begin PBXResourcesBuildPhase section */
		026748142440E02400E25AC2 /* Resources */ = {
			isa = PBXResourcesBuildPhase;
			buildActionMask = 2147483647;
			files = (
				0267483D2440F07200E25AC2 /* RepoViewCell.xib in Resources */,
				026748262440E02800E25AC2 /* LaunchScreen.storyboard in Resources */,
				026748232440E02800E25AC2 /* Assets.xcassets in Resources */,
				026748212440E02400E25AC2 /* Main.storyboard in Resources */,
				022DA0DA2443E8B000E69E7A /* DummyUserData.json in Resources */,
				026748372440EEF400E25AC2 /* UserDetailViewCell.xib in Resources */,
				026748332440ECF200E25AC2 /* UserPreviewViewCell.xib in Resources */,
			);
			runOnlyForDeploymentPostprocessing = 0;
		};
/* End PBXResourcesBuildPhase section */

/* Begin PBXShellScriptBuildPhase section */
		0267483E2440FC3C00E25AC2 /* ShellScript */ = {
			isa = PBXShellScriptBuildPhase;
			buildActionMask = 2147483647;
			files = (
			);
			inputFileListPaths = (
			);
			inputPaths = (
			);
			outputFileListPaths = (
			);
			outputPaths = (
			);
			runOnlyForDeploymentPostprocessing = 0;
			shellPath = /bin/sh;
			shellScript = "\"${PODS_ROOT}/SwiftLint/swiftlint\"\n";
		};
		E076C3BEFDBEDBDE8BA51B0F /* [CP] Check Pods Manifest.lock */ = {
			isa = PBXShellScriptBuildPhase;
			buildActionMask = 2147483647;
			files = (
			);
			inputFileListPaths = (
			);
			inputPaths = (
				"${PODS_PODFILE_DIR_PATH}/Podfile.lock",
				"${PODS_ROOT}/Manifest.lock",
			);
			name = "[CP] Check Pods Manifest.lock";
			outputFileListPaths = (
			);
			outputPaths = (
				"$(DERIVED_FILE_DIR)/Pods-GitHubSearcher-checkManifestLockResult.txt",
			);
			runOnlyForDeploymentPostprocessing = 0;
			shellPath = /bin/sh;
			shellScript = "diff \"${PODS_PODFILE_DIR_PATH}/Podfile.lock\" \"${PODS_ROOT}/Manifest.lock\" > /dev/null\nif [ $? != 0 ] ; then\n    # print error to STDERR\n    echo \"error: The sandbox is not in sync with the Podfile.lock. Run 'pod install' or update your CocoaPods installation.\" >&2\n    exit 1\nfi\n# This output is used by Xcode 'outputs' to avoid re-running this script phase.\necho \"SUCCESS\" > \"${SCRIPT_OUTPUT_FILE_0}\"\n";
			showEnvVarsInLog = 0;
		};
/* End PBXShellScriptBuildPhase section */

/* Begin PBXSourcesBuildPhase section */
		026748122440E02400E25AC2 /* Sources */ = {
			isa = PBXSourcesBuildPhase;
			buildActionMask = 2147483647;
			files = (
				022DA0E224444EF000E69E7A /* UIImageView+Extension.swift in Sources */,
				022DA0E0244433A400E69E7A /* UserDetailViewCell.swift in Sources */,
				0267481E2440E02400E25AC2 /* GithubAccountSearchViewController.swift in Sources */,
				0267481A2440E02400E25AC2 /* AppDelegate.swift in Sources */,
				0267483C2440F07200E25AC2 /* RepoViewCell.swift in Sources */,
				0267484924410BD400E25AC2 /* APIService.swift in Sources */,
				026748392440EF4300E25AC2 /* DetailViewController.swift in Sources */,
				026748442441033000E25AC2 /* User.swift in Sources */,
				0267484B24410C3800E25AC2 /* GitHubAPI.swift in Sources */,
				022DA0D82443CCC100E69E7A /* String+Extension.swift in Sources */,
				022DA0D62443BE0500E69E7A /* Int+Extension.swift in Sources */,
				0267481C2440E02400E25AC2 /* SceneDelegate.swift in Sources */,
				02674846244103A600E25AC2 /* Repository.swift in Sources */,
				026748402441026700E25AC2 /* ViewModel.swift in Sources */,
				026748322440ECF200E25AC2 /* UserPreviewViewCell.swift in Sources */,
			);
			runOnlyForDeploymentPostprocessing = 0;
		};
/* End PBXSourcesBuildPhase section */

/* Begin PBXVariantGroup section */
		0267481F2440E02400E25AC2 /* Main.storyboard */ = {
			isa = PBXVariantGroup;
			children = (
				026748202440E02400E25AC2 /* Base */,
			);
			name = Main.storyboard;
			sourceTree = "<group>";
		};
		026748242440E02800E25AC2 /* LaunchScreen.storyboard */ = {
			isa = PBXVariantGroup;
			children = (
				026748252440E02800E25AC2 /* Base */,
			);
			name = LaunchScreen.storyboard;
			sourceTree = "<group>";
		};
/* End PBXVariantGroup section */

/* Begin XCBuildConfiguration section */
		026748282440E02800E25AC2 /* Debug */ = {
			isa = XCBuildConfiguration;
			buildSettings = {
				ALWAYS_SEARCH_USER_PATHS = NO;
				CLANG_ANALYZER_NONNULL = YES;
				CLANG_ANALYZER_NUMBER_OBJECT_CONVERSION = YES_AGGRESSIVE;
				CLANG_CXX_LANGUAGE_STANDARD = "gnu++14";
				CLANG_CXX_LIBRARY = "libc++";
				CLANG_ENABLE_MODULES = YES;
				CLANG_ENABLE_OBJC_ARC = YES;
				CLANG_ENABLE_OBJC_WEAK = YES;
				CLANG_WARN_BLOCK_CAPTURE_AUTORELEASING = YES;
				CLANG_WARN_BOOL_CONVERSION = YES;
				CLANG_WARN_COMMA = YES;
				CLANG_WARN_CONSTANT_CONVERSION = YES;
				CLANG_WARN_DEPRECATED_OBJC_IMPLEMENTATIONS = YES;
				CLANG_WARN_DIRECT_OBJC_ISA_USAGE = YES_ERROR;
				CLANG_WARN_DOCUMENTATION_COMMENTS = YES;
				CLANG_WARN_EMPTY_BODY = YES;
				CLANG_WARN_ENUM_CONVERSION = YES;
				CLANG_WARN_INFINITE_RECURSION = YES;
				CLANG_WARN_INT_CONVERSION = YES;
				CLANG_WARN_NON_LITERAL_NULL_CONVERSION = YES;
				CLANG_WARN_OBJC_IMPLICIT_RETAIN_SELF = YES;
				CLANG_WARN_OBJC_LITERAL_CONVERSION = YES;
				CLANG_WARN_OBJC_ROOT_CLASS = YES_ERROR;
				CLANG_WARN_RANGE_LOOP_ANALYSIS = YES;
				CLANG_WARN_STRICT_PROTOTYPES = YES;
				CLANG_WARN_SUSPICIOUS_MOVE = YES;
				CLANG_WARN_UNGUARDED_AVAILABILITY = YES_AGGRESSIVE;
				CLANG_WARN_UNREACHABLE_CODE = YES;
				CLANG_WARN__DUPLICATE_METHOD_MATCH = YES;
				COPY_PHASE_STRIP = NO;
				DEBUG_INFORMATION_FORMAT = dwarf;
				ENABLE_STRICT_OBJC_MSGSEND = YES;
				ENABLE_TESTABILITY = YES;
				GCC_C_LANGUAGE_STANDARD = gnu11;
				GCC_DYNAMIC_NO_PIC = NO;
				GCC_NO_COMMON_BLOCKS = YES;
				GCC_OPTIMIZATION_LEVEL = 0;
				GCC_PREPROCESSOR_DEFINITIONS = (
					"DEBUG=1",
					"$(inherited)",
				);
				GCC_WARN_64_TO_32_BIT_CONVERSION = YES;
				GCC_WARN_ABOUT_RETURN_TYPE = YES_ERROR;
				GCC_WARN_UNDECLARED_SELECTOR = YES;
				GCC_WARN_UNINITIALIZED_AUTOS = YES_AGGRESSIVE;
				GCC_WARN_UNUSED_FUNCTION = YES;
				GCC_WARN_UNUSED_VARIABLE = YES;
				IPHONEOS_DEPLOYMENT_TARGET = 13.4;
				MTL_ENABLE_DEBUG_INFO = INCLUDE_SOURCE;
				MTL_FAST_MATH = YES;
				ONLY_ACTIVE_ARCH = YES;
				SDKROOT = iphoneos;
				SWIFT_ACTIVE_COMPILATION_CONDITIONS = DEBUG;
				SWIFT_OPTIMIZATION_LEVEL = "-Onone";
			};
			name = Debug;
		};
		026748292440E02800E25AC2 /* Release */ = {
			isa = XCBuildConfiguration;
			buildSettings = {
				ALWAYS_SEARCH_USER_PATHS = NO;
				CLANG_ANALYZER_NONNULL = YES;
				CLANG_ANALYZER_NUMBER_OBJECT_CONVERSION = YES_AGGRESSIVE;
				CLANG_CXX_LANGUAGE_STANDARD = "gnu++14";
				CLANG_CXX_LIBRARY = "libc++";
				CLANG_ENABLE_MODULES = YES;
				CLANG_ENABLE_OBJC_ARC = YES;
				CLANG_ENABLE_OBJC_WEAK = YES;
				CLANG_WARN_BLOCK_CAPTURE_AUTORELEASING = YES;
				CLANG_WARN_BOOL_CONVERSION = YES;
				CLANG_WARN_COMMA = YES;
				CLANG_WARN_CONSTANT_CONVERSION = YES;
				CLANG_WARN_DEPRECATED_OBJC_IMPLEMENTATIONS = YES;
				CLANG_WARN_DIRECT_OBJC_ISA_USAGE = YES_ERROR;
				CLANG_WARN_DOCUMENTATION_COMMENTS = YES;
				CLANG_WARN_EMPTY_BODY = YES;
				CLANG_WARN_ENUM_CONVERSION = YES;
				CLANG_WARN_INFINITE_RECURSION = YES;
				CLANG_WARN_INT_CONVERSION = YES;
				CLANG_WARN_NON_LITERAL_NULL_CONVERSION = YES;
				CLANG_WARN_OBJC_IMPLICIT_RETAIN_SELF = YES;
				CLANG_WARN_OBJC_LITERAL_CONVERSION = YES;
				CLANG_WARN_OBJC_ROOT_CLASS = YES_ERROR;
				CLANG_WARN_RANGE_LOOP_ANALYSIS = YES;
				CLANG_WARN_STRICT_PROTOTYPES = YES;
				CLANG_WARN_SUSPICIOUS_MOVE = YES;
				CLANG_WARN_UNGUARDED_AVAILABILITY = YES_AGGRESSIVE;
				CLANG_WARN_UNREACHABLE_CODE = YES;
				CLANG_WARN__DUPLICATE_METHOD_MATCH = YES;
				COPY_PHASE_STRIP = NO;
				DEBUG_INFORMATION_FORMAT = "dwarf-with-dsym";
				ENABLE_NS_ASSERTIONS = NO;
				ENABLE_STRICT_OBJC_MSGSEND = YES;
				GCC_C_LANGUAGE_STANDARD = gnu11;
				GCC_NO_COMMON_BLOCKS = YES;
				GCC_WARN_64_TO_32_BIT_CONVERSION = YES;
				GCC_WARN_ABOUT_RETURN_TYPE = YES_ERROR;
				GCC_WARN_UNDECLARED_SELECTOR = YES;
				GCC_WARN_UNINITIALIZED_AUTOS = YES_AGGRESSIVE;
				GCC_WARN_UNUSED_FUNCTION = YES;
				GCC_WARN_UNUSED_VARIABLE = YES;
				IPHONEOS_DEPLOYMENT_TARGET = 13.4;
				MTL_ENABLE_DEBUG_INFO = NO;
				MTL_FAST_MATH = YES;
				SDKROOT = iphoneos;
				SWIFT_COMPILATION_MODE = wholemodule;
				SWIFT_OPTIMIZATION_LEVEL = "-O";
				VALIDATE_PRODUCT = YES;
			};
			name = Release;
		};
		0267482B2440E02800E25AC2 /* Debug */ = {
			isa = XCBuildConfiguration;
			baseConfigurationReference = EEBCDA75E59378C64D3FF8C5 /* Pods-GitHubSearcher.debug.xcconfig */;
			buildSettings = {
				ASSETCATALOG_COMPILER_APPICON_NAME = AppIcon;
				CODE_SIGN_STYLE = Automatic;
				DEVELOPMENT_TEAM = Z6HYJ5UY9Q;
				INFOPLIST_FILE = GitHubSearcher/Info.plist;
				LD_RUNPATH_SEARCH_PATHS = (
					"$(inherited)",
					"@executable_path/Frameworks",
				);
				PRODUCT_BUNDLE_IDENTIFIER = MAC.GitHubSearcher;
				PRODUCT_NAME = "$(TARGET_NAME)";
				SWIFT_VERSION = 5.0;
				TARGETED_DEVICE_FAMILY = "1,2";
			};
			name = Debug;
		};
		0267482C2440E02800E25AC2 /* Release */ = {
			isa = XCBuildConfiguration;
			baseConfigurationReference = 1284BCBDE47F551970EC5D74 /* Pods-GitHubSearcher.release.xcconfig */;
			buildSettings = {
				ASSETCATALOG_COMPILER_APPICON_NAME = AppIcon;
				CODE_SIGN_STYLE = Automatic;
				DEVELOPMENT_TEAM = Z6HYJ5UY9Q;
				INFOPLIST_FILE = GitHubSearcher/Info.plist;
				LD_RUNPATH_SEARCH_PATHS = (
					"$(inherited)",
					"@executable_path/Frameworks",
				);
				PRODUCT_BUNDLE_IDENTIFIER = MAC.GitHubSearcher;
				PRODUCT_NAME = "$(TARGET_NAME)";
				SWIFT_VERSION = 5.0;
				TARGETED_DEVICE_FAMILY = "1,2";
			};
			name = Release;
		};
/* End XCBuildConfiguration section */

/* Begin XCConfigurationList section */
		026748112440E02300E25AC2 /* Build configuration list for PBXProject "GitHubSearcher" */ = {
			isa = XCConfigurationList;
			buildConfigurations = (
				026748282440E02800E25AC2 /* Debug */,
				026748292440E02800E25AC2 /* Release */,
			);
			defaultConfigurationIsVisible = 0;
			defaultConfigurationName = Release;
		};
		0267482A2440E02800E25AC2 /* Build configuration list for PBXNativeTarget "GitHubSearcher" */ = {
			isa = XCConfigurationList;
			buildConfigurations = (
				0267482B2440E02800E25AC2 /* Debug */,
				0267482C2440E02800E25AC2 /* Release */,
			);
			defaultConfigurationIsVisible = 0;
			defaultConfigurationName = Release;
		};
/* End XCConfigurationList section */
	};
	rootObject = 0267480E2440E02300E25AC2 /* Project object */;
}
